
Microsoft Visual Studio Solution File, Format Version 12.00
# Visual Studio Version 17
VisualStudioVersion = 17.3.32825.248
MinimumVisualStudioVersion = 10.0.40219.1
Project("{FAE04EC0-301F-11D3-BF4B-00C04F79EFBC}") = "Beginning", "Beginning\Beginning.csproj", "{44C1121B-50F6-408C-86BC-4EAB2C92ACCC}"
EndProject
Global
	GlobalSection(SolutionConfigurationPlatforms) = preSolution
		Debug|Any CPU = Debug|Any CPU
		Release|Any CPU = Release|Any CPU
	EndGlobalSection
	GlobalSection(ProjectConfigurationPlatforms) = postSolution
		{44C1121B-50F6-408C-86BC-4EAB2C92ACCC}.Debug|Any CPU.ActiveCfg = Debug|Any CPU
		{44C1121B-50F6-408C-86BC-4EAB2C92ACCC}.Debug|Any CPU.Build.0 = Debug|Any CPU
		{44C1121B-50F6-408C-86BC-4EAB2C92ACCC}.Release|Any CPU.ActiveCfg = Release|Any CPU
		{44C1121B-50F6-408C-86BC-4EAB2C92ACCC}.Release|Any CPU.Build.0 = Release|Any CPU
	EndGlobalSection
	GlobalSection(SolutionProperties) = preSolution
		HideSolutionNode = FALSE
	EndGlobalSection
	GlobalSection(ExtensibilityGlobals) = postSolution
		SolutionGuid = {0F105A76-471A-4345-8DB8-6CF71F7D11D0}
	EndGlobalSection
EndGlobal
